
Microsoft Visual Studio Solution File, Format Version 12.00
# Visual Studio Version 16
VisualStudioVersion = 16.0.31424.327
MinimumVisualStudioVersion = 10.0.40219.1
Project("{FAE04EC0-301F-11D3-BF4B-00C04F79EFBC}") = "LeetCodeAlgos", "LeetCodeAlgos\LeetCodeAlgos.csproj", "{A1D98481-4560-4CB2-B966-B8C34592292D}"
EndProject
Global
	GlobalSection(SolutionConfigurationPlatforms) = preSolution
		Debug|Any CPU = Debug|Any CPU
		Release|Any CPU = Release|Any CPU
	EndGlobalSection
	GlobalSection(ProjectConfigurationPlatforms) = postSolution
		{A1D98481-4560-4CB2-B966-B8C34592292D}.Debug|Any CPU.ActiveCfg = Debug|Any CPU
		{A1D98481-4560-4CB2-B966-B8C34592292D}.Debug|Any CPU.Build.0 = Debug|Any CPU
		{A1D98481-4560-4CB2-B966-B8C34592292D}.Release|Any CPU.ActiveCfg = Release|Any CPU
		{A1D98481-4560-4CB2-B966-B8C34592292D}.Release|Any CPU.Build.0 = Release|Any CPU
	EndGlobalSection
	GlobalSection(SolutionProperties) = preSolution
		HideSolutionNode = FALSE
	EndGlobalSection
	GlobalSection(ExtensibilityGlobals) = postSolution
		SolutionGuid = {951C0EB0-847E-4A39-A312-50901AF170E6}
	EndGlobalSection
EndGlobal
